{
  "pins" : [
    {
      "identity" : "realm-core",
      "kind" : "remoteSourceControl",
      "location" : "https://github.com/realm/realm-core.git",
      "state" : {
        "revision" : "3c950f43bafc4fe39ce605e913cc7f30426e1747",
        "version" : "13.8.0"
      }
    },
    {
      "identity" : "realm-swift",
      "kind" : "remoteSourceControl",
      "location" : "https://github.com/realm/realm-swift.git",
      "state" : {
        "branch" : "master",
        "revision" : "2059837edf1ce3fd27d35d2758c9e83ec9abb06e"
      }
    }
  ],
  "version" : 2
}
